// !$*UTF8*$!
{
	archiveVersion = 1;
	classes = {
	};
	objectVersion = 55;
	objects = {

/* Begin PBXBuildFile section */
		5785AF61B3CF21140F17075E /* Pods_QMUIKitDemo.framework in Frameworks */ = {isa = PBXBuildFile; fileRef = 2D8C55070A8947C593D6D8C9 /* Pods_QMUIKitDemo.framework */; };
		ACDC89BB294AB68D00B9498A /* AppDelegate.swift in Sources */ = {isa = PBXBuildFile; fileRef = ACDC89BA294AB68D00B9498A /* AppDelegate.swift */; };
		ACDC89BD294AB68D00B9498A /* SceneDelegate.swift in Sources */ = {isa = PBXBuildFile; fileRef = ACDC89BC294AB68D00B9498A /* SceneDelegate.swift */; };
		ACDC89BF294AB68D00B9498A /* ViewController.swift in Sources */ = {isa = PBXBuildFile; fileRef = ACDC89BE294AB68D00B9498A /* ViewController.swift */; };
		ACDC89C2294AB68D00B9498A /* Main.storyboard in Resources */ = {isa = PBXBuildFile; fileRef = ACDC89C0294AB68D00B9498A /* Main.storyboard */; };
		ACDC89C4294AB68E00B9498A /* Assets.xcassets in Resources */ = {isa = PBXBuildFile; fileRef = ACDC89C3294AB68E00B9498A /* Assets.xcassets */; };
		ACDC89C7294AB68E00B9498A /* LaunchScreen.storyboard in Resources */ = {isa = PBXBuildFile; fileRef = ACDC89C5294AB68E00B9498A /* LaunchScreen.storyboard */; };
/* End PBXBuildFile section */

/* Begin PBXFileReference section */
		2D8C55070A8947C593D6D8C9 /* Pods_QMUIKitDemo.framework */ = {isa = PBXFileReference; explicitFileType = wrapper.framework; includeInIndex = 0; path = Pods_QMUIKitDemo.framework; sourceTree = BUILT_PRODUCTS_DIR; };
		5390428789103790A484D1BC /* Pods-QMUIKitDemo.release.xcconfig */ = {isa = PBXFileReference; includeInIndex = 1; lastKnownFileType = text.xcconfig; name = "Pods-QMUIKitDemo.release.xcconfig"; path = "Target Support Files/Pods-QMUIKitDemo/Pods-QMUIKitDemo.release.xcconfig"; sourceTree = "<group>"; };
		57EC36AAFC757D26AF0B072B /* Pods-QMUIKitDemo.debug.xcconfig */ = {isa = PBXFileReference; includeInIndex = 1; lastKnownFileType = text.xcconfig; name = "Pods-QMUIKitDemo.debug.xcconfig"; path = "Target Support Files/Pods-QMUIKitDemo/Pods-QMUIKitDemo.debug.xcconfig"; sourceTree = "<group>"; };
		ACDC89B7294AB68D00B9498A /* QMUIKitDemo.app */ = {isa = PBXFileReference; explicitFileType = wrapper.application; includeInIndex = 0; path = QMUIKitDemo.app; sourceTree = BUILT_PRODUCTS_DIR; };
		ACDC89BA294AB68D00B9498A /* AppDelegate.swift */ = {isa = PBXFileReference; lastKnownFileType = sourcecode.swift; path = AppDelegate.swift; sourceTree = "<group>"; };
		ACDC89BC294AB68D00B9498A /* SceneDelegate.swift */ = {isa = PBXFileReference; lastKnownFileType = sourcecode.swift; path = SceneDelegate.swift; sourceTree = "<group>"; };
		ACDC89BE294AB68D00B9498A /* ViewController.swift */ = {isa = PBXFileReference; lastKnownFileType = sourcecode.swift; path = ViewController.swift; sourceTree = "<group>"; };
		ACDC89C1294AB68D00B9498A /* Base */ = {isa = PBXFileReference; lastKnownFileType = file.storyboard; name = Base; path = Base.lproj/Main.storyboard; sourceTree = "<group>"; };
		ACDC89C3294AB68E00B9498A /* Assets.xcassets */ = {isa = PBXFileReference; lastKnownFileType = folder.assetcatalog; path = Assets.xcassets; sourceTree = "<group>"; };
		ACDC89C6294AB68E00B9498A /* Base */ = {isa = PBXFileReference; lastKnownFileType = file.storyboard; name = Base; path = Base.lproj/LaunchScreen.storyboard; sourceTree = "<group>"; };
		ACDC89C8294AB68E00B9498A /* Info.plist */ = {isa = PBXFileReference; lastKnownFileType = text.plist.xml; path = Info.plist; sourceTree = "<group>"; };
/* End PBXFileReference section */

/* Begin PBXFrameworksBuildPhase section */
		ACDC89B4294AB68D00B9498A /* Frameworks */ = {
			isa = PBXFrameworksBuildPhase;
			buildActionMask = 2147483647;
			files = (
				5785AF61B3CF21140F17075E /* Pods_QMUIKitDemo.framework in Frameworks */,
			);
			runOnlyForDeploymentPostprocessing = 0;
		};
/* End PBXFrameworksBuildPhase section */

/* Begin PBXGroup section */
		A7466AF1E0E40F1407AE5095 /* Frameworks */ = {
			isa = PBXGroup;
			children = (
				2D8C55070A8947C593D6D8C9 /* Pods_QMUIKitDemo.framework */,
			);
			name = Frameworks;
			sourceTree = "<group>";
		};
		ACDC89AE294AB68D00B9498A = {
			isa = PBXGroup;
			children = (
				ACDC89B9294AB68D00B9498A /* QMUIKitDemo */,
				ACDC89B8294AB68D00B9498A /* Products */,
				F72A912AAAA8558E71EB5F8F /* Pods */,
				A7466AF1E0E40F1407AE5095 /* Frameworks */,
			);
			sourceTree = "<group>";
		};
		ACDC89B8294AB68D00B9498A /* Products */ = {
			isa = PBXGroup;
			children = (
				ACDC89B7294AB68D00B9498A /* QMUIKitDemo.app */,
			);
			name = Products;
			sourceTree = "<group>";
		};
		ACDC89B9294AB68D00B9498A /* QMUIKitDemo */ = {
			isa = PBXGroup;
			children = (
				ACDC89BA294AB68D00B9498A /* AppDelegate.swift */,
				ACDC89BC294AB68D00B9498A /* SceneDelegate.swift */,
				ACDC89BE294AB68D00B9498A /* ViewController.swift */,
				ACDC89C0294AB68D00B9498A /* Main.storyboard */,
				ACDC89C3294AB68E00B9498A /* Assets.xcassets */,
				ACDC89C5294AB68E00B9498A /* LaunchScreen.storyboard */,
				ACDC89C8294AB68E00B9498A /* Info.plist */,
			);
			path = QMUIKitDemo;
			sourceTree = "<group>";
		};
		F72A912AAAA8558E71EB5F8F /* Pods */ = {
			isa = PBXGroup;
			children = (
				57EC36AAFC757D26AF0B072B /* Pods-QMUIKitDemo.debug.xcconfig */,
				5390428789103790A484D1BC /* Pods-QMUIKitDemo.release.xcconfig */,
			);
			path = Pods;
			sourceTree = "<group>";
		};
/* End PBXGroup section */

/* Begin PBXNativeTarget section */
		ACDC89B6294AB68D00B9498A /* QMUIKitDemo */ = {
			isa = PBXNativeTarget;
			buildConfigurationList = ACDC89CB294AB68E00B9498A /* Build configuration list for PBXNativeTarget "QMUIKitDemo" */;
			buildPhases = (
				F95F066758C865BF81229AFC /* [CP] Check Pods Manifest.lock */,
				ACDC89B3294AB68D00B9498A /* Sources */,
				ACDC89B4294AB68D00B9498A /* Frameworks */,
				ACDC89B5294AB68D00B9498A /* Resources */,
				370E752147704BBFC392EF94 /* [CP] Embed Pods Frameworks */,
			);
			buildRules = (
			);
			dependencies = (
			);
			name = QMUIKitDemo;
			productName = QMUIKitDemo;
			productReference = ACDC89B7294AB68D00B9498A /* QMUIKitDemo.app */;
			productType = "com.apple.product-type.application";
		};
/* End PBXNativeTarget section */

/* Begin PBXProject section */
		ACDC89AF294AB68D00B9498A /* Project object */ = {
			isa = PBXProject;
			attributes = {
				BuildIndependentTargetsInParallel = 1;
				LastSwiftUpdateCheck = 1410;
				LastUpgradeCheck = 1410;
				TargetAttributes = {
					ACDC89B6294AB68D00B9498A = {
						CreatedOnToolsVersion = 14.1;
					};
				};
			};
			buildConfigurationList = ACDC89B2294AB68D00B9498A /* Build configuration list for PBXProject "QMUIKitDemo" */;
			compatibilityVersion = "Xcode 13.0";
			developmentRegion = en;
			hasScannedForEncodings = 0;
			knownRegions = (
				en,
				Base,
			);
			mainGroup = ACDC89AE294AB68D00B9498A;
			productRefGroup = ACDC89B8294AB68D00B9498A /* Products */;
			projectDirPath = "";
			projectRoot = "";
			targets = (
				ACDC89B6294AB68D00B9498A /* QMUIKitDemo */,
			);
		};
/* End PBXProject section */

/* Begin PBXResourcesBuildPhase section */
		ACDC89B5294AB68D00B9498A /* Resources */ = {
			isa = PBXResourcesBuildPhase;
			buildActionMask = 2147483647;
			files = (
				ACDC89C7294AB68E00B9498A /* LaunchScreen.storyboard in Resources */,
				ACDC89C4294AB68E00B9498A /* Assets.xcassets in Resources */,
				ACDC89C2294AB68D00B9498A /* Main.storyboard in Resources */,
			);
			runOnlyForDeploymentPostprocessing = 0;
		};
/* End PBXResourcesBuildPhase section */

/* Begin PBXShellScriptBuildPhase section */
		370E752147704BBFC392EF94 /* [CP] Embed Pods Frameworks */ = {
			isa = PBXShellScriptBuildPhase;
			buildActionMask = 2147483647;
			files = (
			);
			inputFileListPaths = (
				"${PODS_ROOT}/Target Support Files/Pods-QMUIKitDemo/Pods-QMUIKitDemo-frameworks-${CONFIGURATION}-input-files.xcfilelist",
			);
			name = "[CP] Embed Pods Frameworks";
			outputFileListPaths = (
				"${PODS_ROOT}/Target Support Files/Pods-QMUIKitDemo/Pods-QMUIKitDemo-frameworks-${CONFIGURATION}-output-files.xcfilelist",
			);
			runOnlyForDeploymentPostprocessing = 0;
			shellPath = /bin/sh;
			shellScript = "\"${PODS_ROOT}/Target Support Files/Pods-QMUIKitDemo/Pods-QMUIKitDemo-frameworks.sh\"\n";
			showEnvVarsInLog = 0;
		};
		F95F066758C865BF81229AFC /* [CP] Check Pods Manifest.lock */ = {
			isa = PBXShellScriptBuildPhase;
			buildActionMask = 2147483647;
			files = (
			);
			inputFileListPaths = (
			);
			inputPaths = (
				"${PODS_PODFILE_DIR_PATH}/Podfile.lock",
				"${PODS_ROOT}/Manifest.lock",
			);
			name = "[CP] Check Pods Manifest.lock";
			outputFileListPaths = (
			);
			outputPaths = (
				"$(DERIVED_FILE_DIR)/Pods-QMUIKitDemo-checkManifestLockResult.txt",
			);
			runOnlyForDeploymentPostprocessing = 0;
			shellPath = /bin/sh;
			shellScript = "diff \"${PODS_PODFILE_DIR_PATH}/Podfile.lock\" \"${PODS_ROOT}/Manifest.lock\" > /dev/null\nif [ $? != 0 ] ; then\n    # print error to STDERR\n    echo \"error: The sandbox is not in sync with the Podfile.lock. Run 'pod install' or update your CocoaPods installation.\" >&2\n    exit 1\nfi\n# This output is used by Xcode 'outputs' to avoid re-running this script phase.\necho \"SUCCESS\" > \"${SCRIPT_OUTPUT_FILE_0}\"\n";
			showEnvVarsInLog = 0;
		};
/* End PBXShellScriptBuildPhase section */

/* Begin PBXSourcesBuildPhase section */
		ACDC89B3294AB68D00B9498A /* Sources */ = {
			isa = PBXSourcesBuildPhase;
			buildActionMask = 2147483647;
			files = (
				ACDC89BF294AB68D00B9498A /* ViewController.swift in Sources */,
				ACDC89BB294AB68D00B9498A /* AppDelegate.swift in Sources */,
				ACDC89BD294AB68D00B9498A /* SceneDelegate.swift in Sources */,
			);
			runOnlyForDeploymentPostprocessing = 0;
		};
/* End PBXSourcesBuildPhase section */

/* Begin PBXVariantGroup section */
		ACDC89C0294AB68D00B9498A /* Main.storyboard */ = {
			isa = PBXVariantGroup;
			children = (
				ACDC89C1294AB68D00B9498A /* Base */,
			);
			name = Main.storyboard;
			sourceTree = "<group>";
		};
		ACDC89C5294AB68E00B9498A /* LaunchScreen.storyboard */ = {
			isa = PBXVariantGroup;
			children = (
				ACDC89C6294AB68E00B9498A /* Base */,
			);
			name = LaunchScreen.storyboard;
			sourceTree = "<group>";
		};
/* End PBXVariantGroup section */

/* Begin XCBuildConfiguration section */
		ACDC89C9294AB68E00B9498A /* Debug */ = {
			isa = XCBuildConfiguration;
			buildSettings = {
				ALWAYS_SEARCH_USER_PATHS = NO;
				CLANG_ANALYZER_NONNULL = YES;
				CLANG_ANALYZER_NUMBER_OBJECT_CONVERSION = YES_AGGRESSIVE;
				CLANG_CXX_LANGUAGE_STANDARD = "gnu++20";
				CLANG_ENABLE_MODULES = YES;
				CLANG_ENABLE_OBJC_ARC = YES;
				CLANG_ENABLE_OBJC_WEAK = YES;
				CLANG_WARN_BLOCK_CAPTURE_AUTORELEASING = YES;
				CLANG_WARN_BOOL_CONVERSION = YES;
				CLANG_WARN_COMMA = YES;
				CLANG_WARN_CONSTANT_CONVERSION = YES;
				CLANG_WARN_DEPRECATED_OBJC_IMPLEMENTATIONS = YES;
				CLANG_WARN_DIRECT_OBJC_ISA_USAGE = YES_ERROR;
				CLANG_WARN_DOCUMENTATION_COMMENTS = YES;
				CLANG_WARN_EMPTY_BODY = YES;
				CLANG_WARN_ENUM_CONVERSION = YES;
				CLANG_WARN_INFINITE_RECURSION = YES;
				CLANG_WARN_INT_CONVERSION = YES;
				CLANG_WARN_NON_LITERAL_NULL_CONVERSION = YES;
				CLANG_WARN_OBJC_IMPLICIT_RETAIN_SELF = YES;
				CLANG_WARN_OBJC_LITERAL_CONVERSION = YES;
				CLANG_WARN_OBJC_ROOT_CLASS = YES_ERROR;
				CLANG_WARN_QUOTED_INCLUDE_IN_FRAMEWORK_HEADER = YES;
				CLANG_WARN_RANGE_LOOP_ANALYSIS = YES;
				CLANG_WARN_STRICT_PROTOTYPES = YES;
				CLANG_WARN_SUSPICIOUS_MOVE = YES;
				CLANG_WARN_UNGUARDED_AVAILABILITY = YES_AGGRESSIVE;
				CLANG_WARN_UNREACHABLE_CODE = YES;
				CLANG_WARN__DUPLICATE_METHOD_MATCH = YES;
				COPY_PHASE_STRIP = NO;
				DEBUG_INFORMATION_FORMAT = dwarf;
				ENABLE_STRICT_OBJC_MSGSEND = YES;
				ENABLE_TESTABILITY = YES;
				GCC_C_LANGUAGE_STANDARD = gnu11;
				GCC_DYNAMIC_NO_PIC = NO;
				GCC_NO_COMMON_BLOCKS = YES;
				GCC_OPTIMIZATION_LEVEL = 0;
				GCC_PREPROCESSOR_DEFINITIONS = (
					"DEBUG=1",
					"$(inherited)",
				);
				GCC_WARN_64_TO_32_BIT_CONVERSION = YES;
				GCC_WARN_ABOUT_RETURN_TYPE = YES_ERROR;
				GCC_WARN_UNDECLARED_SELECTOR = YES;
				GCC_WARN_UNINITIALIZED_AUTOS = YES_AGGRESSIVE;
				GCC_WARN_UNUSED_FUNCTION = YES;
				GCC_WARN_UNUSED_VARIABLE = YES;
				IPHONEOS_DEPLOYMENT_TARGET = 16.1;
				MTL_ENABLE_DEBUG_INFO = INCLUDE_SOURCE;
				MTL_FAST_MATH = YES;
				ONLY_ACTIVE_ARCH = YES;
				SDKROOT = iphoneos;
				SWIFT_ACTIVE_COMPILATION_CONDITIONS = DEBUG;
				SWIFT_OPTIMIZATION_LEVEL = "-Onone";
			};
			name = Debug;
		};
		ACDC89CA294AB68E00B9498A /* Release */ = {
			isa = XCBuildConfiguration;
			buildSettings = {
				ALWAYS_SEARCH_USER_PATHS = NO;
				CLANG_ANALYZER_NONNULL = YES;
				CLANG_ANALYZER_NUMBER_OBJECT_CONVERSION = YES_AGGRESSIVE;
				CLANG_CXX_LANGUAGE_STANDARD = "gnu++20";
				CLANG_ENABLE_MODULES = YES;
				CLANG_ENABLE_OBJC_ARC = YES;
				CLANG_ENABLE_OBJC_WEAK = YES;
				CLANG_WARN_BLOCK_CAPTURE_AUTORELEASING = YES;
				CLANG_WARN_BOOL_CONVERSION = YES;
				CLANG_WARN_COMMA = YES;
				CLANG_WARN_CONSTANT_CONVERSION = YES;
				CLANG_WARN_DEPRECATED_OBJC_IMPLEMENTATIONS = YES;
				CLANG_WARN_DIRECT_OBJC_ISA_USAGE = YES_ERROR;
				CLANG_WARN_DOCUMENTATION_COMMENTS = YES;
				CLANG_WARN_EMPTY_BODY = YES;
				CLANG_WARN_ENUM_CONVERSION = YES;
				CLANG_WARN_INFINITE_RECURSION = YES;
				CLANG_WARN_INT_CONVERSION = YES;
				CLANG_WARN_NON_LITERAL_NULL_CONVERSION = YES;
				CLANG_WARN_OBJC_IMPLICIT_RETAIN_SELF = YES;
				CLANG_WARN_OBJC_LITERAL_CONVERSION = YES;
				CLANG_WARN_OBJC_ROOT_CLASS = YES_ERROR;
				CLANG_WARN_QUOTED_INCLUDE_IN_FRAMEWORK_HEADER = YES;
				CLANG_WARN_RANGE_LOOP_ANALYSIS = YES;
				CLANG_WARN_STRICT_PROTOTYPES = YES;
				CLANG_WARN_SUSPICIOUS_MOVE = YES;
				CLANG_WARN_UNGUARDED_AVAILABILITY = YES_AGGRESSIVE;
				CLANG_WARN_UNREACHABLE_CODE = YES;
				CLANG_WARN__DUPLICATE_METHOD_MATCH = YES;
				COPY_PHASE_STRIP = NO;
				DEBUG_INFORMATION_FORMAT = "dwarf-with-dsym";
				ENABLE_NS_ASSERTIONS = NO;
				ENABLE_STRICT_OBJC_MSGSEND = YES;
				GCC_C_LANGUAGE_STANDARD = gnu11;
				GCC_NO_COMMON_BLOCKS = YES;
				GCC_WARN_64_TO_32_BIT_CONVERSION = YES;
				GCC_WARN_ABOUT_RETURN_TYPE = YES_ERROR;
				GCC_WARN_UNDECLARED_SELECTOR = YES;
				GCC_WARN_UNINITIALIZED_AUTOS = YES_AGGRESSIVE;
				GCC_WARN_UNUSED_FUNCTION = YES;
				GCC_WARN_UNUSED_VARIABLE = YES;
				IPHONEOS_DEPLOYMENT_TARGET = 16.1;
				MTL_ENABLE_DEBUG_INFO = NO;
				MTL_FAST_MATH = YES;
				SDKROOT = iphoneos;
				SWIFT_COMPILATION_MODE = wholemodule;
				SWIFT_OPTIMIZATION_LEVEL = "-O";
				VALIDATE_PRODUCT = YES;
			};
			name = Release;
		};
		ACDC89CC294AB68E00B9498A /* Debug */ = {
			isa = XCBuildConfiguration;
			baseConfigurationReference = 57EC36AAFC757D26AF0B072B /* Pods-QMUIKitDemo.debug.xcconfig */;
			buildSettings = {
				ASSETCATALOG_COMPILER_APPICON_NAME = AppIcon;
				ASSETCATALOG_COMPILER_GLOBAL_ACCENT_COLOR_NAME = AccentColor;
				CODE_SIGN_STYLE = Automatic;
				CURRENT_PROJECT_VERSION = 1;
				GENERATE_INFOPLIST_FILE = YES;
				INFOPLIST_FILE = QMUIKitDemo/Info.plist;
				INFOPLIST_KEY_UIApplicationSupportsIndirectInputEvents = YES;
				INFOPLIST_KEY_UILaunchStoryboardName = LaunchScreen;
				INFOPLIST_KEY_UIMainStoryboardFile = Main;
				INFOPLIST_KEY_UISupportedInterfaceOrientations_iPad = "UIInterfaceOrientationPortrait UIInterfaceOrientationPortraitUpsideDown UIInterfaceOrientationLandscapeLeft UIInterfaceOrientationLandscapeRight";
				INFOPLIST_KEY_UISupportedInterfaceOrientations_iPhone = "UIInterfaceOrientationPortrait UIInterfaceOrientationLandscapeLeft UIInterfaceOrientationLandscapeRight";
				LD_RUNPATH_SEARCH_PATHS = (
					"$(inherited)",
					"@executable_path/Frameworks",
				);
				MARKETING_VERSION = 1.0;
				PRODUCT_BUNDLE_IDENTIFIER = demo.QMUIKitDemo;
				PRODUCT_NAME = "$(TARGET_NAME)";
				SWIFT_EMIT_LOC_STRINGS = YES;
				SWIFT_VERSION = 5.0;
				TARGETED_DEVICE_FAMILY = "1,2";
			};
			name = Debug;
		};
		ACDC89CD294AB68E00B9498A /* Release */ = {
			isa = XCBuildConfiguration;
			baseConfigurationReference = 5390428789103790A484D1BC /* Pods-QMUIKitDemo.release.xcconfig */;
			buildSettings = {
				ASSETCATALOG_COMPILER_APPICON_NAME = AppIcon;
				ASSETCATALOG_COMPILER_GLOBAL_ACCENT_COLOR_NAME = AccentColor;
				CODE_SIGN_STYLE = Automatic;
				CURRENT_PROJECT_VERSION = 1;
				GENERATE_INFOPLIST_FILE = YES;
				INFOPLIST_FILE = QMUIKitDemo/Info.plist;
				INFOPLIST_KEY_UIApplicationSupportsIndirectInputEvents = YES;
				INFOPLIST_KEY_UILaunchStoryboardName = LaunchScreen;
				INFOPLIST_KEY_UIMainStoryboardFile = Main;
				INFOPLIST_KEY_UISupportedInterfaceOrientations_iPad = "UIInterfaceOrientationPortrait UIInterfaceOrientationPortraitUpsideDown UIInterfaceOrientationLandscapeLeft UIInterfaceOrientationLandscapeRight";
				INFOPLIST_KEY_UISupportedInterfaceOrientations_iPhone = "UIInterfaceOrientationPortrait UIInterfaceOrientationLandscapeLeft UIInterfaceOrientationLandscapeRight";
				LD_RUNPATH_SEARCH_PATHS = (
					"$(inherited)",
					"@executable_path/Frameworks",
				);
				MARKETING_VERSION = 1.0;
				PRODUCT_BUNDLE_IDENTIFIER = demo.QMUIKitDemo;
				PRODUCT_NAME = "$(TARGET_NAME)";
				SWIFT_EMIT_LOC_STRINGS = YES;
				SWIFT_VERSION = 5.0;
				TARGETED_DEVICE_FAMILY = "1,2";
			};
			name = Release;
		};
/* End XCBuildConfiguration section */

/* Begin XCConfigurationList section */
		ACDC89B2294AB68D00B9498A /* Build configuration list for PBXProject "QMUIKitDemo" */ = {
			isa = XCConfigurationList;
			buildConfigurations = (
				ACDC89C9294AB68E00B9498A /* Debug */,
				ACDC89CA294AB68E00B9498A /* Release */,
			);
			defaultConfigurationIsVisible = 0;
			defaultConfigurationName = Release;
		};
		ACDC89CB294AB68E00B9498A /* Build configuration list for PBXNativeTarget "QMUIKitDemo" */ = {
			isa = XCConfigurationList;
			buildConfigurations = (
				ACDC89CC294AB68E00B9498A /* Debug */,
				ACDC89CD294AB68E00B9498A /* Release */,
			);
			defaultConfigurationIsVisible = 0;
			defaultConfigurationName = Release;
		};
/* End XCConfigurationList section */
	};
	rootObject = ACDC89AF294AB68D00B9498A /* Project object */;
}
